
Microsoft Visual Studio Solution File, Format Version 12.00
# Visual Studio Version 16
VisualStudioVersion = 16.0.30011.22
MinimumVisualStudioVersion = 10.0.40219.1
Project("{FAE04EC0-301F-11D3-BF4B-00C04F79EFBC}") = "Checkers", "Checkers\Checkers.csproj", "{F44FA896-4173-43AA-8697-493E635698F4}"
EndProject
Global
	GlobalSection(SolutionConfigurationPlatforms) = preSolution
		Debug|Any CPU = Debug|Any CPU
		Release|Any CPU = Release|Any CPU
	EndGlobalSection
	GlobalSection(ProjectConfigurationPlatforms) = postSolution
		{F44FA896-4173-43AA-8697-493E635698F4}.Debug|Any CPU.ActiveCfg = Debug|Any CPU
		{F44FA896-4173-43AA-8697-493E635698F4}.Debug|Any CPU.Build.0 = Debug|Any CPU
		{F44FA896-4173-43AA-8697-493E635698F4}.Release|Any CPU.ActiveCfg = Release|Any CPU
		{F44FA896-4173-43AA-8697-493E635698F4}.Release|Any CPU.Build.0 = Release|Any CPU
	EndGlobalSection
	GlobalSection(SolutionProperties) = preSolution
		HideSolutionNode = FALSE
	EndGlobalSection
	GlobalSection(ExtensibilityGlobals) = postSolution
		SolutionGuid = {D1DF4522-761D-499C-9854-25835FA8B14C}
	EndGlobalSection
EndGlobal
